// !$*UTF8*$!
{
	archiveVersion = 1;
	classes = {
	};
	objectVersion = 50;
	objects = {

/* Begin PBXBuildFile section */
		D71CBF2E26D3ECB300DC750B /* TableViewController.swift in Sources */ = {isa = PBXBuildFile; fileRef = D71CBF2D26D3ECB300DC750B /* TableViewController.swift */; };
		D71CBF3826D3F8DB00DC750B /* UserTableViewCell.swift in Sources */ = {isa = PBXBuildFile; fileRef = D71CBF3626D3F8DB00DC750B /* UserTableViewCell.swift */; };
		D71CBF3926D3F8DB00DC750B /* UserTableViewCell.xib in Resources */ = {isa = PBXBuildFile; fileRef = D71CBF3726D3F8DB00DC750B /* UserTableViewCell.xib */; };
		D7F58AC326CEA4B5009941D4 /* AppDelegate.swift in Sources */ = {isa = PBXBuildFile; fileRef = D7F58AC226CEA4B5009941D4 /* AppDelegate.swift */; };
		D7F58AC526CEA4B5009941D4 /* SceneDelegate.swift in Sources */ = {isa = PBXBuildFile; fileRef = D7F58AC426CEA4B5009941D4 /* SceneDelegate.swift */; };
		D7F58ACA26CEA4B5009941D4 /* Main.storyboard in Resources */ = {isa = PBXBuildFile; fileRef = D7F58AC826CEA4B5009941D4 /* Main.storyboard */; };
		D7F58ACC26CEA4BD009941D4 /* Assets.xcassets in Resources */ = {isa = PBXBuildFile; fileRef = D7F58ACB26CEA4BD009941D4 /* Assets.xcassets */; };
		D7F58ACF26CEA4BD009941D4 /* LaunchScreen.storyboard in Resources */ = {isa = PBXBuildFile; fileRef = D7F58ACD26CEA4BD009941D4 /* LaunchScreen.storyboard */; };
		D7F58ADA26CEA4BD009941D4 /* practicaModelosTests.swift in Sources */ = {isa = PBXBuildFile; fileRef = D7F58AD926CEA4BD009941D4 /* practicaModelosTests.swift */; };
		D7F58AE526CEA4BD009941D4 /* practicaModelosUITests.swift in Sources */ = {isa = PBXBuildFile; fileRef = D7F58AE426CEA4BD009941D4 /* practicaModelosUITests.swift */; };
		D7F58AF726CEA6E2009941D4 /* Network.swift in Sources */ = {isa = PBXBuildFile; fileRef = D7F58AF626CEA6E2009941D4 /* Network.swift */; };
		D7F58AFF26CEA92D009941D4 /* RandomUser.swift in Sources */ = {isa = PBXBuildFile; fileRef = D7F58AFE26CEA92D009941D4 /* RandomUser.swift */; };
		D7F58B0726CEABAE009941D4 /* ViewController.swift in Sources */ = {isa = PBXBuildFile; fileRef = D7F58B0626CEABAE009941D4 /* ViewController.swift */; };
		D7F58B1526CEB6BA009941D4 /* Extensions.swift in Sources */ = {isa = PBXBuildFile; fileRef = D7F58B1426CEB6BA009941D4 /* Extensions.swift */; };
/* End PBXBuildFile section */

/* Begin PBXContainerItemProxy section */
		D7F58AD626CEA4BD009941D4 /* PBXContainerItemProxy */ = {
			isa = PBXContainerItemProxy;
			containerPortal = D7F58AB726CEA4B5009941D4 /* Project object */;
			proxyType = 1;
			remoteGlobalIDString = D7F58ABE26CEA4B5009941D4;
			remoteInfo = practicaModelos;
		};
		D7F58AE126CEA4BD009941D4 /* PBXContainerItemProxy */ = {
			isa = PBXContainerItemProxy;
			containerPortal = D7F58AB726CEA4B5009941D4 /* Project object */;
			proxyType = 1;
			remoteGlobalIDString = D7F58ABE26CEA4B5009941D4;
			remoteInfo = practicaModelos;
		};
/* End PBXContainerItemProxy section */

/* Begin PBXFileReference section */
		D71CBF2D26D3ECB300DC750B /* TableViewController.swift */ = {isa = PBXFileReference; lastKnownFileType = sourcecode.swift; path = TableViewController.swift; sourceTree = "<group>"; };
		D71CBF3626D3F8DB00DC750B /* UserTableViewCell.swift */ = {isa = PBXFileReference; lastKnownFileType = sourcecode.swift; path = UserTableViewCell.swift; sourceTree = "<group>"; };
		D71CBF3726D3F8DB00DC750B /* UserTableViewCell.xib */ = {isa = PBXFileReference; lastKnownFileType = file.xib; path = UserTableViewCell.xib; sourceTree = "<group>"; };
		D7F58ABF26CEA4B5009941D4 /* practicaModelos.app */ = {isa = PBXFileReference; explicitFileType = wrapper.application; includeInIndex = 0; path = practicaModelos.app; sourceTree = BUILT_PRODUCTS_DIR; };
		D7F58AC226CEA4B5009941D4 /* AppDelegate.swift */ = {isa = PBXFileReference; lastKnownFileType = sourcecode.swift; path = AppDelegate.swift; sourceTree = "<group>"; };
		D7F58AC426CEA4B5009941D4 /* SceneDelegate.swift */ = {isa = PBXFileReference; lastKnownFileType = sourcecode.swift; path = SceneDelegate.swift; sourceTree = "<group>"; };
		D7F58AC926CEA4B5009941D4 /* Base */ = {isa = PBXFileReference; lastKnownFileType = file.storyboard; name = Base; path = Base.lproj/Main.storyboard; sourceTree = "<group>"; };
		D7F58ACB26CEA4BD009941D4 /* Assets.xcassets */ = {isa = PBXFileReference; lastKnownFileType = folder.assetcatalog; path = Assets.xcassets; sourceTree = "<group>"; };
		D7F58ACE26CEA4BD009941D4 /* Base */ = {isa = PBXFileReference; lastKnownFileType = file.storyboard; name = Base; path = Base.lproj/LaunchScreen.storyboard; sourceTree = "<group>"; };
		D7F58AD026CEA4BD009941D4 /* Info.plist */ = {isa = PBXFileReference; lastKnownFileType = text.plist.xml; path = Info.plist; sourceTree = "<group>"; };
		D7F58AD526CEA4BD009941D4 /* practicaModelosTests.xctest */ = {isa = PBXFileReference; explicitFileType = wrapper.cfbundle; includeInIndex = 0; path = practicaModelosTests.xctest; sourceTree = BUILT_PRODUCTS_DIR; };
		D7F58AD926CEA4BD009941D4 /* practicaModelosTests.swift */ = {isa = PBXFileReference; lastKnownFileType = sourcecode.swift; path = practicaModelosTests.swift; sourceTree = "<group>"; };
		D7F58ADB26CEA4BD009941D4 /* Info.plist */ = {isa = PBXFileReference; lastKnownFileType = text.plist.xml; path = Info.plist; sourceTree = "<group>"; };
		D7F58AE026CEA4BD009941D4 /* practicaModelosUITests.xctest */ = {isa = PBXFileReference; explicitFileType = wrapper.cfbundle; includeInIndex = 0; path = practicaModelosUITests.xctest; sourceTree = BUILT_PRODUCTS_DIR; };
		D7F58AE426CEA4BD009941D4 /* practicaModelosUITests.swift */ = {isa = PBXFileReference; lastKnownFileType = sourcecode.swift; path = practicaModelosUITests.swift; sourceTree = "<group>"; };
		D7F58AE626CEA4BD009941D4 /* Info.plist */ = {isa = PBXFileReference; lastKnownFileType = text.plist.xml; path = Info.plist; sourceTree = "<group>"; };
		D7F58AF626CEA6E2009941D4 /* Network.swift */ = {isa = PBXFileReference; fileEncoding = 4; lastKnownFileType = sourcecode.swift; path = Network.swift; sourceTree = "<group>"; };
		D7F58AFE26CEA92D009941D4 /* RandomUser.swift */ = {isa = PBXFileReference; lastKnownFileType = sourcecode.swift; path = RandomUser.swift; sourceTree = "<group>"; };
		D7F58B0626CEABAE009941D4 /* ViewController.swift */ = {isa = PBXFileReference; lastKnownFileType = sourcecode.swift; path = ViewController.swift; sourceTree = "<group>"; };
		D7F58B1426CEB6BA009941D4 /* Extensions.swift */ = {isa = PBXFileReference; lastKnownFileType = sourcecode.swift; path = Extensions.swift; sourceTree = "<group>"; };
/* End PBXFileReference section */

/* Begin PBXFrameworksBuildPhase section */
		D7F58ABC26CEA4B5009941D4 /* Frameworks */ = {
			isa = PBXFrameworksBuildPhase;
			buildActionMask = 2147483647;
			files = (
			);
			runOnlyForDeploymentPostprocessing = 0;
		};
		D7F58AD226CEA4BD009941D4 /* Frameworks */ = {
			isa = PBXFrameworksBuildPhase;
			buildActionMask = 2147483647;
			files = (
			);
			runOnlyForDeploymentPostprocessing = 0;
		};
		D7F58ADD26CEA4BD009941D4 /* Frameworks */ = {
			isa = PBXFrameworksBuildPhase;
			buildActionMask = 2147483647;
			files = (
			);
			runOnlyForDeploymentPostprocessing = 0;
		};
/* End PBXFrameworksBuildPhase section */

/* Begin PBXGroup section */
		D71CBF3226D3EE2100DC750B /* Cells */ = {
			isa = PBXGroup;
			children = (
				D71CBF3626D3F8DB00DC750B /* UserTableViewCell.swift */,
				D71CBF3726D3F8DB00DC750B /* UserTableViewCell.xib */,
			);
			path = Cells;
			sourceTree = "<group>";
		};
		D7F58AB626CEA4B5009941D4 = {
			isa = PBXGroup;
			children = (
				D7F58AC126CEA4B5009941D4 /* practicaModelos */,
				D7F58AD826CEA4BD009941D4 /* practicaModelosTests */,
				D7F58AE326CEA4BD009941D4 /* practicaModelosUITests */,
				D7F58AC026CEA4B5009941D4 /* Products */,
			);
			sourceTree = "<group>";
		};
		D7F58AC026CEA4B5009941D4 /* Products */ = {
			isa = PBXGroup;
			children = (
				D7F58ABF26CEA4B5009941D4 /* practicaModelos.app */,
				D7F58AD526CEA4BD009941D4 /* practicaModelosTests.xctest */,
				D7F58AE026CEA4BD009941D4 /* practicaModelosUITests.xctest */,
			);
			name = Products;
			sourceTree = "<group>";
		};
		D7F58AC126CEA4B5009941D4 /* practicaModelos */ = {
			isa = PBXGroup;
			children = (
				D7F58AFD26CEA703009941D4 /* Models */,
				D7F58AFC26CEA6F6009941D4 /* Views */,
				D7F58AFB26CEA6EE009941D4 /* Controllers */,
				D7F58AF526CEA6CC009941D4 /* Service */,
				D7F58AC226CEA4B5009941D4 /* AppDelegate.swift */,
				D7F58AC426CEA4B5009941D4 /* SceneDelegate.swift */,
				D7F58ACB26CEA4BD009941D4 /* Assets.xcassets */,
				D7F58ACD26CEA4BD009941D4 /* LaunchScreen.storyboard */,
				D7F58AD026CEA4BD009941D4 /* Info.plist */,
			);
			path = practicaModelos;
			sourceTree = "<group>";
		};
		D7F58AD826CEA4BD009941D4 /* practicaModelosTests */ = {
			isa = PBXGroup;
			children = (
				D7F58AD926CEA4BD009941D4 /* practicaModelosTests.swift */,
				D7F58ADB26CEA4BD009941D4 /* Info.plist */,
			);
			path = practicaModelosTests;
			sourceTree = "<group>";
		};
		D7F58AE326CEA4BD009941D4 /* practicaModelosUITests */ = {
			isa = PBXGroup;
			children = (
				D7F58AE426CEA4BD009941D4 /* practicaModelosUITests.swift */,
				D7F58AE626CEA4BD009941D4 /* Info.plist */,
			);
			path = practicaModelosUITests;
			sourceTree = "<group>";
		};
		D7F58AF526CEA6CC009941D4 /* Service */ = {
			isa = PBXGroup;
			children = (
				D7F58AF626CEA6E2009941D4 /* Network.swift */,
				D7F58B1426CEB6BA009941D4 /* Extensions.swift */,
			);
			path = Service;
			sourceTree = "<group>";
		};
		D7F58AFB26CEA6EE009941D4 /* Controllers */ = {
			isa = PBXGroup;
			children = (
				D7F58B0626CEABAE009941D4 /* ViewController.swift */,
				D71CBF2D26D3ECB300DC750B /* TableViewController.swift */,
			);
			path = Controllers;
			sourceTree = "<group>";
		};
		D7F58AFC26CEA6F6009941D4 /* Views */ = {
			isa = PBXGroup;
			children = (
				D71CBF3226D3EE2100DC750B /* Cells */,
				D7F58AC826CEA4B5009941D4 /* Main.storyboard */,
			);
			path = Views;
			sourceTree = "<group>";
		};
		D7F58AFD26CEA703009941D4 /* Models */ = {
			isa = PBXGroup;
			children = (
				D7F58AFE26CEA92D009941D4 /* RandomUser.swift */,
			);
			path = Models;
			sourceTree = "<group>";
		};
/* End PBXGroup section */

/* Begin PBXNativeTarget section */
		D7F58ABE26CEA4B5009941D4 /* practicaModelos */ = {
			isa = PBXNativeTarget;
			buildConfigurationList = D7F58AE926CEA4BD009941D4 /* Build configuration list for PBXNativeTarget "practicaModelos" */;
			buildPhases = (
				D7F58ABB26CEA4B5009941D4 /* Sources */,
				D7F58ABC26CEA4B5009941D4 /* Frameworks */,
				D7F58ABD26CEA4B5009941D4 /* Resources */,
			);
			buildRules = (
			);
			dependencies = (
			);
			name = practicaModelos;
			productName = practicaModelos;
			productReference = D7F58ABF26CEA4B5009941D4 /* practicaModelos.app */;
			productType = "com.apple.product-type.application";
		};
		D7F58AD426CEA4BD009941D4 /* practicaModelosTests */ = {
			isa = PBXNativeTarget;
			buildConfigurationList = D7F58AEC26CEA4BD009941D4 /* Build configuration list for PBXNativeTarget "practicaModelosTests" */;
			buildPhases = (
				D7F58AD126CEA4BD009941D4 /* Sources */,
				D7F58AD226CEA4BD009941D4 /* Frameworks */,
				D7F58AD326CEA4BD009941D4 /* Resources */,
			);
			buildRules = (
			);
			dependencies = (
				D7F58AD726CEA4BD009941D4 /* PBXTargetDependency */,
			);
			name = practicaModelosTests;
			productName = practicaModelosTests;
			productReference = D7F58AD526CEA4BD009941D4 /* practicaModelosTests.xctest */;
			productType = "com.apple.product-type.bundle.unit-test";
		};
		D7F58ADF26CEA4BD009941D4 /* practicaModelosUITests */ = {
			isa = PBXNativeTarget;
			buildConfigurationList = D7F58AEF26CEA4BD009941D4 /* Build configuration list for PBXNativeTarget "practicaModelosUITests" */;
			buildPhases = (
				D7F58ADC26CEA4BD009941D4 /* Sources */,
				D7F58ADD26CEA4BD009941D4 /* Frameworks */,
				D7F58ADE26CEA4BD009941D4 /* Resources */,
			);
			buildRules = (
			);
			dependencies = (
				D7F58AE226CEA4BD009941D4 /* PBXTargetDependency */,
			);
			name = practicaModelosUITests;
			productName = practicaModelosUITests;
			productReference = D7F58AE026CEA4BD009941D4 /* practicaModelosUITests.xctest */;
			productType = "com.apple.product-type.bundle.ui-testing";
		};
/* End PBXNativeTarget section */

/* Begin PBXProject section */
		D7F58AB726CEA4B5009941D4 /* Project object */ = {
			isa = PBXProject;
			attributes = {
				LastSwiftUpdateCheck = 1240;
				LastUpgradeCheck = 1240;
				TargetAttributes = {
					D7F58ABE26CEA4B5009941D4 = {
						CreatedOnToolsVersion = 12.4;
					};
					D7F58AD426CEA4BD009941D4 = {
						CreatedOnToolsVersion = 12.4;
						TestTargetID = D7F58ABE26CEA4B5009941D4;
					};
					D7F58ADF26CEA4BD009941D4 = {
						CreatedOnToolsVersion = 12.4;
						TestTargetID = D7F58ABE26CEA4B5009941D4;
					};
				};
			};
			buildConfigurationList = D7F58ABA26CEA4B5009941D4 /* Build configuration list for PBXProject "practicaModelos" */;
			compatibilityVersion = "Xcode 9.3";
			developmentRegion = en;
			hasScannedForEncodings = 0;
			knownRegions = (
				en,
				Base,
			);
			mainGroup = D7F58AB626CEA4B5009941D4;
			productRefGroup = D7F58AC026CEA4B5009941D4 /* Products */;
			projectDirPath = "";
			projectRoot = "";
			targets = (
				D7F58ABE26CEA4B5009941D4 /* practicaModelos */,
				D7F58AD426CEA4BD009941D4 /* practicaModelosTests */,
				D7F58ADF26CEA4BD009941D4 /* practicaModelosUITests */,
			);
		};
/* End PBXProject section */

/* Begin PBXResourcesBuildPhase section */
		D7F58ABD26CEA4B5009941D4 /* Resources */ = {
			isa = PBXResourcesBuildPhase;
			buildActionMask = 2147483647;
			files = (
				D71CBF3926D3F8DB00DC750B /* UserTableViewCell.xib in Resources */,
				D7F58ACF26CEA4BD009941D4 /* LaunchScreen.storyboard in Resources */,
				D7F58ACC26CEA4BD009941D4 /* Assets.xcassets in Resources */,
				D7F58ACA26CEA4B5009941D4 /* Main.storyboard in Resources */,
			);
			runOnlyForDeploymentPostprocessing = 0;
		};
		D7F58AD326CEA4BD009941D4 /* Resources */ = {
			isa = PBXResourcesBuildPhase;
			buildActionMask = 2147483647;
			files = (
			);
			runOnlyForDeploymentPostprocessing = 0;
		};
		D7F58ADE26CEA4BD009941D4 /* Resources */ = {
			isa = PBXResourcesBuildPhase;
			buildActionMask = 2147483647;
			files = (
			);
			runOnlyForDeploymentPostprocessing = 0;
		};
/* End PBXResourcesBuildPhase section */

/* Begin PBXSourcesBuildPhase section */
		D7F58ABB26CEA4B5009941D4 /* Sources */ = {
			isa = PBXSourcesBuildPhase;
			buildActionMask = 2147483647;
			files = (
				D7F58AC326CEA4B5009941D4 /* AppDelegate.swift in Sources */,
				D71CBF2E26D3ECB300DC750B /* TableViewController.swift in Sources */,
				D7F58B1526CEB6BA009941D4 /* Extensions.swift in Sources */,
				D7F58AF726CEA6E2009941D4 /* Network.swift in Sources */,
				D71CBF3826D3F8DB00DC750B /* UserTableViewCell.swift in Sources */,
				D7F58B0726CEABAE009941D4 /* ViewController.swift in Sources */,
				D7F58AC526CEA4B5009941D4 /* SceneDelegate.swift in Sources */,
				D7F58AFF26CEA92D009941D4 /* RandomUser.swift in Sources */,
			);
			runOnlyForDeploymentPostprocessing = 0;
		};
		D7F58AD126CEA4BD009941D4 /* Sources */ = {
			isa = PBXSourcesBuildPhase;
			buildActionMask = 2147483647;
			files = (
				D7F58ADA26CEA4BD009941D4 /* practicaModelosTests.swift in Sources */,
			);
			runOnlyForDeploymentPostprocessing = 0;
		};
		D7F58ADC26CEA4BD009941D4 /* Sources */ = {
			isa = PBXSourcesBuildPhase;
			buildActionMask = 2147483647;
			files = (
				D7F58AE526CEA4BD009941D4 /* practicaModelosUITests.swift in Sources */,
			);
			runOnlyForDeploymentPostprocessing = 0;
		};
/* End PBXSourcesBuildPhase section */

/* Begin PBXTargetDependency section */
		D7F58AD726CEA4BD009941D4 /* PBXTargetDependency */ = {
			isa = PBXTargetDependency;
			target = D7F58ABE26CEA4B5009941D4 /* practicaModelos */;
			targetProxy = D7F58AD626CEA4BD009941D4 /* PBXContainerItemProxy */;
		};
		D7F58AE226CEA4BD009941D4 /* PBXTargetDependency */ = {
			isa = PBXTargetDependency;
			target = D7F58ABE26CEA4B5009941D4 /* practicaModelos */;
			targetProxy = D7F58AE126CEA4BD009941D4 /* PBXContainerItemProxy */;
		};
/* End PBXTargetDependency section */

/* Begin PBXVariantGroup section */
		D7F58AC826CEA4B5009941D4 /* Main.storyboard */ = {
			isa = PBXVariantGroup;
			children = (
				D7F58AC926CEA4B5009941D4 /* Base */,
			);
			name = Main.storyboard;
			sourceTree = "<group>";
		};
		D7F58ACD26CEA4BD009941D4 /* LaunchScreen.storyboard */ = {
			isa = PBXVariantGroup;
			children = (
				D7F58ACE26CEA4BD009941D4 /* Base */,
			);
			name = LaunchScreen.storyboard;
			sourceTree = "<group>";
		};
/* End PBXVariantGroup section */

/* Begin XCBuildConfiguration section */
		D7F58AE726CEA4BD009941D4 /* Debug */ = {
			isa = XCBuildConfiguration;
			buildSettings = {
				ALWAYS_SEARCH_USER_PATHS = NO;
				CLANG_ANALYZER_NONNULL = YES;
				CLANG_ANALYZER_NUMBER_OBJECT_CONVERSION = YES_AGGRESSIVE;
				CLANG_CXX_LANGUAGE_STANDARD = "gnu++14";
				CLANG_CXX_LIBRARY = "libc++";
				CLANG_ENABLE_MODULES = YES;
				CLANG_ENABLE_OBJC_ARC = YES;
				CLANG_ENABLE_OBJC_WEAK = YES;
				CLANG_WARN_BLOCK_CAPTURE_AUTORELEASING = YES;
				CLANG_WARN_BOOL_CONVERSION = YES;
				CLANG_WARN_COMMA = YES;
				CLANG_WARN_CONSTANT_CONVERSION = YES;
				CLANG_WARN_DEPRECATED_OBJC_IMPLEMENTATIONS = YES;
				CLANG_WARN_DIRECT_OBJC_ISA_USAGE = YES_ERROR;
				CLANG_WARN_DOCUMENTATION_COMMENTS = YES;
				CLANG_WARN_EMPTY_BODY = YES;
				CLANG_WARN_ENUM_CONVERSION = YES;
				CLANG_WARN_INFINITE_RECURSION = YES;
				CLANG_WARN_INT_CONVERSION = YES;
				CLANG_WARN_NON_LITERAL_NULL_CONVERSION = YES;
				CLANG_WARN_OBJC_IMPLICIT_RETAIN_SELF = YES;
				CLANG_WARN_OBJC_LITERAL_CONVERSION = YES;
				CLANG_WARN_OBJC_ROOT_CLASS = YES_ERROR;
				CLANG_WARN_QUOTED_INCLUDE_IN_FRAMEWORK_HEADER = YES;
				CLANG_WARN_RANGE_LOOP_ANALYSIS = YES;
				CLANG_WARN_STRICT_PROTOTYPES = YES;
				CLANG_WARN_SUSPICIOUS_MOVE = YES;
				CLANG_WARN_UNGUARDED_AVAILABILITY = YES_AGGRESSIVE;
				CLANG_WARN_UNREACHABLE_CODE = YES;
				CLANG_WARN__DUPLICATE_METHOD_MATCH = YES;
				COPY_PHASE_STRIP = NO;
				DEBUG_INFORMATION_FORMAT = dwarf;
				ENABLE_STRICT_OBJC_MSGSEND = YES;
				ENABLE_TESTABILITY = YES;
				GCC_C_LANGUAGE_STANDARD = gnu11;
				GCC_DYNAMIC_NO_PIC = NO;
				GCC_NO_COMMON_BLOCKS = YES;
				GCC_OPTIMIZATION_LEVEL = 0;
				GCC_PREPROCESSOR_DEFINITIONS = (
					"DEBUG=1",
					"$(inherited)",
				);
				GCC_WARN_64_TO_32_BIT_CONVERSION = YES;
				GCC_WARN_ABOUT_RETURN_TYPE = YES_ERROR;
				GCC_WARN_UNDECLARED_SELECTOR = YES;
				GCC_WARN_UNINITIALIZED_AUTOS = YES_AGGRESSIVE;
				GCC_WARN_UNUSED_FUNCTION = YES;
				GCC_WARN_UNUSED_VARIABLE = YES;
				IPHONEOS_DEPLOYMENT_TARGET = 14.4;
				MTL_ENABLE_DEBUG_INFO = INCLUDE_SOURCE;
				MTL_FAST_MATH = YES;
				ONLY_ACTIVE_ARCH = YES;
				SDKROOT = iphoneos;
				SWIFT_ACTIVE_COMPILATION_CONDITIONS = DEBUG;
				SWIFT_OPTIMIZATION_LEVEL = "-Onone";
			};
			name = Debug;
		};
		D7F58AE826CEA4BD009941D4 /* Release */ = {
			isa = XCBuildConfiguration;
			buildSettings = {
				ALWAYS_SEARCH_USER_PATHS = NO;
				CLANG_ANALYZER_NONNULL = YES;
				CLANG_ANALYZER_NUMBER_OBJECT_CONVERSION = YES_AGGRESSIVE;
				CLANG_CXX_LANGUAGE_STANDARD = "gnu++14";
				CLANG_CXX_LIBRARY = "libc++";
				CLANG_ENABLE_MODULES = YES;
				CLANG_ENABLE_OBJC_ARC = YES;
				CLANG_ENABLE_OBJC_WEAK = YES;
				CLANG_WARN_BLOCK_CAPTURE_AUTORELEASING = YES;
				CLANG_WARN_BOOL_CONVERSION = YES;
				CLANG_WARN_COMMA = YES;
				CLANG_WARN_CONSTANT_CONVERSION = YES;
				CLANG_WARN_DEPRECATED_OBJC_IMPLEMENTATIONS = YES;
				CLANG_WARN_DIRECT_OBJC_ISA_USAGE = YES_ERROR;
				CLANG_WARN_DOCUMENTATION_COMMENTS = YES;
				CLANG_WARN_EMPTY_BODY = YES;
				CLANG_WARN_ENUM_CONVERSION = YES;
				CLANG_WARN_INFINITE_RECURSION = YES;
				CLANG_WARN_INT_CONVERSION = YES;
				CLANG_WARN_NON_LITERAL_NULL_CONVERSION = YES;
				CLANG_WARN_OBJC_IMPLICIT_RETAIN_SELF = YES;
				CLANG_WARN_OBJC_LITERAL_CONVERSION = YES;
				CLANG_WARN_OBJC_ROOT_CLASS = YES_ERROR;
				CLANG_WARN_QUOTED_INCLUDE_IN_FRAMEWORK_HEADER = YES;
				CLANG_WARN_RANGE_LOOP_ANALYSIS = YES;
				CLANG_WARN_STRICT_PROTOTYPES = YES;
				CLANG_WARN_SUSPICIOUS_MOVE = YES;
				CLANG_WARN_UNGUARDED_AVAILABILITY = YES_AGGRESSIVE;
				CLANG_WARN_UNREACHABLE_CODE = YES;
				CLANG_WARN__DUPLICATE_METHOD_MATCH = YES;
				COPY_PHASE_STRIP = NO;
				DEBUG_INFORMATION_FORMAT = "dwarf-with-dsym";
				ENABLE_NS_ASSERTIONS = NO;
				ENABLE_STRICT_OBJC_MSGSEND = YES;
				GCC_C_LANGUAGE_STANDARD = gnu11;
				GCC_NO_COMMON_BLOCKS = YES;
				GCC_WARN_64_TO_32_BIT_CONVERSION = YES;
				GCC_WARN_ABOUT_RETURN_TYPE = YES_ERROR;
				GCC_WARN_UNDECLARED_SELECTOR = YES;
				GCC_WARN_UNINITIALIZED_AUTOS = YES_AGGRESSIVE;
				GCC_WARN_UNUSED_FUNCTION = YES;
				GCC_WARN_UNUSED_VARIABLE = YES;
				IPHONEOS_DEPLOYMENT_TARGET = 14.4;
				MTL_ENABLE_DEBUG_INFO = NO;
				MTL_FAST_MATH = YES;
				SDKROOT = iphoneos;
				SWIFT_COMPILATION_MODE = wholemodule;
				SWIFT_OPTIMIZATION_LEVEL = "-O";
				VALIDATE_PRODUCT = YES;
			};
			name = Release;
		};
		D7F58AEA26CEA4BD009941D4 /* Debug */ = {
			isa = XCBuildConfiguration;
			buildSettings = {
				ASSETCATALOG_COMPILER_APPICON_NAME = AppIcon;
				ASSETCATALOG_COMPILER_GLOBAL_ACCENT_COLOR_NAME = AccentColor;
				CODE_SIGN_STYLE = Automatic;
				DEVELOPMENT_TEAM = BLPW2SW2C3;
				INFOPLIST_FILE = practicaModelos/Info.plist;
				LD_RUNPATH_SEARCH_PATHS = (
					"$(inherited)",
					"@executable_path/Frameworks",
				);
				PRODUCT_BUNDLE_IDENTIFIER = dfuture.mx.practicaModelos;
				PRODUCT_NAME = "$(TARGET_NAME)";
				SWIFT_VERSION = 5.0;
				TARGETED_DEVICE_FAMILY = "1,2";
			};
			name = Debug;
		};
		D7F58AEB26CEA4BD009941D4 /* Release */ = {
			isa = XCBuildConfiguration;
			buildSettings = {
				ASSETCATALOG_COMPILER_APPICON_NAME = AppIcon;
				ASSETCATALOG_COMPILER_GLOBAL_ACCENT_COLOR_NAME = AccentColor;
				CODE_SIGN_STYLE = Automatic;
				DEVELOPMENT_TEAM = BLPW2SW2C3;
				INFOPLIST_FILE = practicaModelos/Info.plist;
				LD_RUNPATH_SEARCH_PATHS = (
					"$(inherited)",
					"@executable_path/Frameworks",
				);
				PRODUCT_BUNDLE_IDENTIFIER = dfuture.mx.practicaModelos;
				PRODUCT_NAME = "$(TARGET_NAME)";
				SWIFT_VERSION = 5.0;
				TARGETED_DEVICE_FAMILY = "1,2";
			};
			name = Release;
		};
		D7F58AED26CEA4BD009941D4 /* Debug */ = {
			isa = XCBuildConfiguration;
			buildSettings = {
				ALWAYS_EMBED_SWIFT_STANDARD_LIBRARIES = YES;
				BUNDLE_LOADER = "$(TEST_HOST)";
				CODE_SIGN_STYLE = Automatic;
				DEVELOPMENT_TEAM = BLPW2SW2C3;
				INFOPLIST_FILE = practicaModelosTests/Info.plist;
				IPHONEOS_DEPLOYMENT_TARGET = 14.4;
				LD_RUNPATH_SEARCH_PATHS = (
					"$(inherited)",
					"@executable_path/Frameworks",
					"@loader_path/Frameworks",
				);
				PRODUCT_BUNDLE_IDENTIFIER = dfuture.mx.practicaModelosTests;
				PRODUCT_NAME = "$(TARGET_NAME)";
				SWIFT_VERSION = 5.0;
				TARGETED_DEVICE_FAMILY = "1,2";
				TEST_HOST = "$(BUILT_PRODUCTS_DIR)/practicaModelos.app/practicaModelos";
			};
			name = Debug;
		};
		D7F58AEE26CEA4BD009941D4 /* Release */ = {
			isa = XCBuildConfiguration;
			buildSettings = {
				ALWAYS_EMBED_SWIFT_STANDARD_LIBRARIES = YES;
				BUNDLE_LOADER = "$(TEST_HOST)";
				CODE_SIGN_STYLE = Automatic;
				DEVELOPMENT_TEAM = BLPW2SW2C3;
				INFOPLIST_FILE = practicaModelosTests/Info.plist;
				IPHONEOS_DEPLOYMENT_TARGET = 14.4;
				LD_RUNPATH_SEARCH_PATHS = (
					"$(inherited)",
					"@executable_path/Frameworks",
					"@loader_path/Frameworks",
				);
				PRODUCT_BUNDLE_IDENTIFIER = dfuture.mx.practicaModelosTests;
				PRODUCT_NAME = "$(TARGET_NAME)";
				SWIFT_VERSION = 5.0;
				TARGETED_DEVICE_FAMILY = "1,2";
				TEST_HOST = "$(BUILT_PRODUCTS_DIR)/practicaModelos.app/practicaModelos";
			};
			name = Release;
		};
		D7F58AF026CEA4BD009941D4 /* Debug */ = {
			isa = XCBuildConfiguration;
			buildSettings = {
				ALWAYS_EMBED_SWIFT_STANDARD_LIBRARIES = YES;
				CODE_SIGN_STYLE = Automatic;
				DEVELOPMENT_TEAM = BLPW2SW2C3;
				INFOPLIST_FILE = practicaModelosUITests/Info.plist;
				LD_RUNPATH_SEARCH_PATHS = (
					"$(inherited)",
					"@executable_path/Frameworks",
					"@loader_path/Frameworks",
				);
				PRODUCT_BUNDLE_IDENTIFIER = dfuture.mx.practicaModelosUITests;
				PRODUCT_NAME = "$(TARGET_NAME)";
				SWIFT_VERSION = 5.0;
				TARGETED_DEVICE_FAMILY = "1,2";
				TEST_TARGET_NAME = practicaModelos;
			};
			name = Debug;
		};
		D7F58AF126CEA4BD009941D4 /* Release */ = {
			isa = XCBuildConfiguration;
			buildSettings = {
				ALWAYS_EMBED_SWIFT_STANDARD_LIBRARIES = YES;
				CODE_SIGN_STYLE = Automatic;
				DEVELOPMENT_TEAM = BLPW2SW2C3;
				INFOPLIST_FILE = practicaModelosUITests/Info.plist;
				LD_RUNPATH_SEARCH_PATHS = (
					"$(inherited)",
					"@executable_path/Frameworks",
					"@loader_path/Frameworks",
				);
				PRODUCT_BUNDLE_IDENTIFIER = dfuture.mx.practicaModelosUITests;
				PRODUCT_NAME = "$(TARGET_NAME)";
				SWIFT_VERSION = 5.0;
				TARGETED_DEVICE_FAMILY = "1,2";
				TEST_TARGET_NAME = practicaModelos;
			};
			name = Release;
		};
/* End XCBuildConfiguration section */

/* Begin XCConfigurationList section */
		D7F58ABA26CEA4B5009941D4 /* Build configuration list for PBXProject "practicaModelos" */ = {
			isa = XCConfigurationList;
			buildConfigurations = (
				D7F58AE726CEA4BD009941D4 /* Debug */,
				D7F58AE826CEA4BD009941D4 /* Release */,
			);
			defaultConfigurationIsVisible = 0;
			defaultConfigurationName = Release;
		};
		D7F58AE926CEA4BD009941D4 /* Build configuration list for PBXNativeTarget "practicaModelos" */ = {
			isa = XCConfigurationList;
			buildConfigurations = (
				D7F58AEA26CEA4BD009941D4 /* Debug */,
				D7F58AEB26CEA4BD009941D4 /* Release */,
			);
			defaultConfigurationIsVisible = 0;
			defaultConfigurationName = Release;
		};
		D7F58AEC26CEA4BD009941D4 /* Build configuration list for PBXNativeTarget "practicaModelosTests" */ = {
			isa = XCConfigurationList;
			buildConfigurations = (
				D7F58AED26CEA4BD009941D4 /* Debug */,
				D7F58AEE26CEA4BD009941D4 /* Release */,
			);
			defaultConfigurationIsVisible = 0;
			defaultConfigurationName = Release;
		};
		D7F58AEF26CEA4BD009941D4 /* Build configuration list for PBXNativeTarget "practicaModelosUITests" */ = {
			isa = XCConfigurationList;
			buildConfigurations = (
				D7F58AF026CEA4BD009941D4 /* Debug */,
				D7F58AF126CEA4BD009941D4 /* Release */,
			);
			defaultConfigurationIsVisible = 0;
			defaultConfigurationName = Release;
		};
/* End XCConfigurationList section */
	};
	rootObject = D7F58AB726CEA4B5009941D4 /* Project object */;
}
